# This file is automatically @generated by Cargo.
# It is not intended for manual editing.
version = 3

[[package]]
name = "bool-func-parser"
version = "0.1.0"
source = "git+https://github.com/eeli1/bool-func-parser#b7419f33c3c3ca93c82053eb6c3b49525b1886a7"

[[package]]
name = "lazy_static"
version = "1.4.0"
source = "registry+https://github.com/rust-lang/crates.io-index"
checksum = "e2abad23fbc42b3700f2f279844dc832adb2b2eb069b2df918f455c4e18cc646"

[[package]]
name = "open-gal"
version = "0.1.0"
dependencies = [
 "bool-func-parser",
 "lazy_static",
]
