# This file is automatically @generated by Cargo.
# It is not intended for manual editing.
version = 3

[[package]]
name = "bool-func-parser"
version = "0.1.0"
source = "git+https://github.com/eeli1/bool-func-parser#194d0b626f71cfa9c39537b869ef1ea9e849fa3e"

[[package]]
name = "open-gal"
version = "0.1.0"
dependencies = [
 "bool-func-parser",
]
