# This file is automatically @generated by Cargo.
# It is not intended for manual editing.
version = 3

[[package]]
name = "bool-func-parser"
version = "0.1.0"
source = "git+https://github.com/eeli1/bool-func-parser?branch=dev#32cc58835cdedc6614cc36f19ee1a0aa35b5e208"

[[package]]
name = "open-gal"
version = "0.1.0"
dependencies = [
 "bool-func-parser",
]
