# This file is automatically @generated by Cargo.
# It is not intended for manual editing.
version = 4

[[package]]
name = "beef"
version = "0.5.1"
source = "registry+https://github.com/rust-lang/crates.io-index"
checksum = "bed554bd50246729a1ec158d08aa3235d1b69d94ad120ebe187e28894787e736"

[[package]]
name = "bool-algebra"
version = "0.1.0"
source = "git+https://github.com/elias-2001-de/bool-algebra#a2ad65288a28322b2009817e822d9c7203964216"

[[package]]
name = "bumpalo"
version = "3.9.1"
source = "registry+https://github.com/rust-lang/crates.io-index"
checksum = "a4a45a46ab1f2412e53d3a0ade76ffad2025804294569aae387231a0cd6e0899"

[[package]]
name = "cfg-if"
version = "1.0.0"
source = "registry+https://github.com/rust-lang/crates.io-index"
checksum = "baf1de4339761588bc0619e3cbc0120ee582ebb74b53b4efbf79117bd2da40fd"

[[package]]
name = "console_error_panic_hook"
version = "0.1.7"
source = "registry+https://github.com/rust-lang/crates.io-index"
checksum = "a06aeb73f470f66dcdbf7223caeebb85984942f22f1adb2a088cf9668146bbbc"
dependencies = [
 "cfg-if",
 "wasm-bindgen",
]

[[package]]
name = "fnv"
version = "1.0.7"
source = "registry+https://github.com/rust-lang/crates.io-index"
checksum = "3f9eec918d3f24069decb9af1554cad7c880e2da24a9afd88aca000531ab82c1"

[[package]]
name = "graph"
version = "0.1.0"
source = "git+https://github.com/elias-2001-de/graph#ba41127fae628864f07aa623b921457e990ce96b"

[[package]]
name = "hardware-sim"
version = "0.1.0"
source = "git+https://github.com/elias-2001-de/hardware-sim#abacb8ecf61acaa3f82327f7f7a11ed1e6d94d3a"
dependencies = [
 "bool-algebra",
 "graph",
]

[[package]]
name = "js-sys"
version = "0.3.56"
source = "registry+https://github.com/rust-lang/crates.io-index"
checksum = "a38fc24e30fd564ce974c02bf1d337caddff65be6cc4735a1f7eab22a7440f04"
dependencies = [
 "wasm-bindgen",
]

[[package]]
name = "lazy_static"
version = "1.4.0"
source = "registry+https://github.com/rust-lang/crates.io-index"
checksum = "e2abad23fbc42b3700f2f279844dc832adb2b2eb069b2df918f455c4e18cc646"

[[package]]
name = "log"
version = "0.4.16"
source = "registry+https://github.com/rust-lang/crates.io-index"
checksum = "6389c490849ff5bc16be905ae24bc913a9c8892e19b2341dbc175e14c341c2b8"
dependencies = [
 "cfg-if",
]

[[package]]
name = "logos"
version = "0.12.0"
source = "registry+https://github.com/rust-lang/crates.io-index"
checksum = "427e2abca5be13136da9afdbf874e6b34ad9001dd70f2b103b083a85daa7b345"
dependencies = [
 "logos-derive",
]

[[package]]
name = "logos-derive"
version = "0.12.0"
source = "registry+https://github.com/rust-lang/crates.io-index"
checksum = "56a7d287fd2ac3f75b11f19a1c8a874a7d55744bd91f7a1b3e7cf87d4343c36d"
dependencies = [
 "beef",
 "fnv",
 "proc-macro2",
 "quote",
 "regex-syntax",
 "syn",
 "utf8-ranges",
]

[[package]]
name = "open-gal"
version = "0.1.0"
dependencies = [
 "bool-algebra",
 "hardware-sim",
 "logos",
 "serde",
 "tokenizer",
]

[[package]]
name = "proc-macro2"
version = "1.0.36"
source = "registry+https://github.com/rust-lang/crates.io-index"
checksum = "c7342d5883fbccae1cc37a2353b09c87c9b0f3afd73f5fb9bba687a1f733b029"
dependencies = [
 "unicode-xid",
]

[[package]]
name = "quote"
version = "1.0.16"
source = "registry+https://github.com/rust-lang/crates.io-index"
checksum = "b4af2ec4714533fcdf07e886f17025ace8b997b9ce51204ee69b6da831c3da57"
dependencies = [
 "proc-macro2",
]

[[package]]
name = "regex-syntax"
version = "0.6.25"
source = "registry+https://github.com/rust-lang/crates.io-index"
checksum = "f497285884f3fcff424ffc933e56d7cbca511def0c9831a7f9b5f6153e3cc89b"

[[package]]
name = "rust"
version = "0.1.0"
dependencies = [
 "open-gal",
 "serde-wasm-bindgen",
 "wasm-bindgen",
 "wasm-bindgen-test",
]

[[package]]
name = "scoped-tls"
version = "1.0.0"
source = "registry+https://github.com/rust-lang/crates.io-index"
checksum = "ea6a9290e3c9cf0f18145ef7ffa62d68ee0bf5fcd651017e586dc7fd5da448c2"

[[package]]
name = "serde"
version = "1.0.136"
source = "registry+https://github.com/rust-lang/crates.io-index"
checksum = "ce31e24b01e1e524df96f1c2fdd054405f8d7376249a5110886fb4b658484789"
dependencies = [
 "serde_derive",
]

[[package]]
name = "serde-wasm-bindgen"
version = "0.4.2"
source = "registry+https://github.com/rust-lang/crates.io-index"
checksum = "d5d0927d4115e78b52dfd4cabcb3cc79bd56b94a53cf27c074bf8b83af1765d1"
dependencies = [
 "fnv",
 "js-sys",
 "serde",
 "wasm-bindgen",
]

[[package]]
name = "serde_derive"
version = "1.0.136"
source = "registry+https://github.com/rust-lang/crates.io-index"
checksum = "08597e7152fcd306f41838ed3e37be9eaeed2b61c42e2117266a554fab4662f9"
dependencies = [
 "proc-macro2",
 "quote",
 "syn",
]

[[package]]
name = "syn"
version = "1.0.89"
source = "registry+https://github.com/rust-lang/crates.io-index"
checksum = "ea297be220d52398dcc07ce15a209fce436d361735ac1db700cab3b6cdfb9f54"
dependencies = [
 "proc-macro2",
 "quote",
 "unicode-xid",
]

[[package]]
name = "tokenizer"
version = "0.1.0"
source = "git+https://github.com/elias-2001-de/tokenizer#6e47110a5faeb82e9f0f61a0fe87fb447fd6b790"
dependencies = [
 "logos",
]

[[package]]
name = "unicode-xid"
version = "0.2.2"
source = "registry+https://github.com/rust-lang/crates.io-index"
checksum = "8ccb82d61f80a663efe1f787a51b16b5a51e3314d6ac365b08639f52387b33f3"

[[package]]
name = "utf8-ranges"
version = "1.0.4"
source = "registry+https://github.com/rust-lang/crates.io-index"
checksum = "b4ae116fef2b7fea257ed6440d3cfcff7f190865f170cdad00bb6465bf18ecba"

[[package]]
name = "wasm-bindgen"
version = "0.2.79"
source = "registry+https://github.com/rust-lang/crates.io-index"
checksum = "25f1af7423d8588a3d840681122e72e6a24ddbcb3f0ec385cac0d12d24256c06"
dependencies = [
 "cfg-if",
 "wasm-bindgen-macro",
]

[[package]]
name = "wasm-bindgen-backend"
version = "0.2.79"
source = "registry+https://github.com/rust-lang/crates.io-index"
checksum = "8b21c0df030f5a177f3cba22e9bc4322695ec43e7257d865302900290bcdedca"
dependencies = [
 "bumpalo",
 "lazy_static",
 "log",
 "proc-macro2",
 "quote",
 "syn",
 "wasm-bindgen-shared",
]

[[package]]
name = "wasm-bindgen-futures"
version = "0.4.29"
source = "registry+https://github.com/rust-lang/crates.io-index"
checksum = "2eb6ec270a31b1d3c7e266b999739109abce8b6c87e4b31fcfcd788b65267395"
dependencies = [
 "cfg-if",
 "js-sys",
 "wasm-bindgen",
 "web-sys",
]

[[package]]
name = "wasm-bindgen-macro"
version = "0.2.79"
source = "registry+https://github.com/rust-lang/crates.io-index"
checksum = "2f4203d69e40a52ee523b2529a773d5ffc1dc0071801c87b3d270b471b80ed01"
dependencies = [
 "quote",
 "wasm-bindgen-macro-support",
]

[[package]]
name = "wasm-bindgen-macro-support"
version = "0.2.79"
source = "registry+https://github.com/rust-lang/crates.io-index"
checksum = "bfa8a30d46208db204854cadbb5d4baf5fcf8071ba5bf48190c3e59937962ebc"
dependencies = [
 "proc-macro2",
 "quote",
 "syn",
 "wasm-bindgen-backend",
 "wasm-bindgen-shared",
]

[[package]]
name = "wasm-bindgen-shared"
version = "0.2.79"
source = "registry+https://github.com/rust-lang/crates.io-index"
checksum = "3d958d035c4438e28c70e4321a2911302f10135ce78a9c7834c0cab4123d06a2"

[[package]]
name = "wasm-bindgen-test"
version = "0.3.29"
source = "registry+https://github.com/rust-lang/crates.io-index"
checksum = "45c8d417d87eefa0087e62e3c75ad086be39433449e2961add9a5d9ce5acc2f1"
dependencies = [
 "console_error_panic_hook",
 "js-sys",
 "scoped-tls",
 "wasm-bindgen",
 "wasm-bindgen-futures",
 "wasm-bindgen-test-macro",
]

[[package]]
name = "wasm-bindgen-test-macro"
version = "0.3.29"
source = "registry+https://github.com/rust-lang/crates.io-index"
checksum = "d0e560d44db5e73b69a9757a15512fe7e1ef93ed2061c928871a4025798293dd"
dependencies = [
 "proc-macro2",
 "quote",
]

[[package]]
name = "web-sys"
version = "0.3.56"
source = "registry+https://github.com/rust-lang/crates.io-index"
checksum = "c060b319f29dd25724f09a2ba1418f142f539b2be99fbf4d2d5a8f7330afb8eb"
dependencies = [
 "js-sys",
 "wasm-bindgen",
]
